
Microsoft Visual Studio Solution File, Format Version 12.00
# Visual Studio 2013
VisualStudioVersion = 12.0.31101.0
MinimumVisualStudioVersion = 10.0.40219.1
Project("{2150E333-8FDC-42A3-9474-1A3956D46DE8}") = "DataBase", "DataBase", "{AFADBA06-C8C5-4DA0-814A-10F111B8745A}"
EndProject
Project("{2150E333-8FDC-42A3-9474-1A3956D46DE8}") = "Source", "Source", "{5962E305-705C-4960-9B0A-27DC4A882CE4}"
EndProject
Project("{2150E333-8FDC-42A3-9474-1A3956D46DE8}") = "Domain Layer", "Domain Layer", "{2F6A3979-81B5-494F-9133-801E9BD095EF}"
EndProject
Project("{2150E333-8FDC-42A3-9474-1A3956D46DE8}") = "Comun Layer", "Comun Layer", "{B651F82F-38AC-496A-9702-D3825F4095D0}"
EndProject
Project("{2150E333-8FDC-42A3-9474-1A3956D46DE8}") = "Persistence Layer", "Persistence Layer", "{9B5DAF64-D092-43A0-AF6E-4CE9B9E4BCCA}"
EndProject
Project("{2150E333-8FDC-42A3-9474-1A3956D46DE8}") = "Presentation Layer", "Presentation Layer", "{31276377-FD21-4719-ACBE-88FD02A376FC}"
EndProject
Project("{2150E333-8FDC-42A3-9474-1A3956D46DE8}") = "Services Layer", "Services Layer", "{A9A6FCF5-DAEA-4AC2-A5AF-166D10C6941B}"
EndProject
Project("{2150E333-8FDC-42A3-9474-1A3956D46DE8}") = ".nuget", ".nuget", "{F49B2FEE-CC9B-4DE3-A58D-A8895C5D9B3D}"
	ProjectSection(SolutionItems) = preProject
		.nuget\NuGet.Config = .nuget\NuGet.Config
		.nuget\NuGet.exe = .nuget\NuGet.exe
		.nuget\NuGet.targets = .nuget\NuGet.targets
	EndProjectSection
EndProject
Project("{2150E333-8FDC-42A3-9474-1A3956D46DE8}") = "Executers Layer", "Executers Layer", "{008376CE-96A3-4AF3-86BA-9E77CBDD2BAA}"
EndProject
Project("{2150E333-8FDC-42A3-9474-1A3956D46DE8}") = "Transversal Layer", "Transversal Layer", "{0278CA1C-97E0-4F26-8FFE-C86D43DE6BDE}"
EndProject
Project("{2150E333-8FDC-42A3-9474-1A3956D46DE8}") = "Application Layer", "Application Layer", "{3DFABEAB-1DC3-4A12-8596-60FE63011260}"
EndProject
Project("{FAE04EC0-301F-11D3-BF4B-00C04F79EFBC}") = "VIPAC.Domain", "Source\Domain Layer\VIPAC.Domain\VIPAC.Domain.csproj", "{BD15A344-3F5A-4771-8D8E-BD1F23CDB274}"
EndProject
Project("{FAE04EC0-301F-11D3-BF4B-00C04F79EFBC}") = "VIPAC.Persistence", "Source\Persistence Layer\VIPAC.Persistence\VIPAC.Persistence.csproj", "{93900004-C35F-4A08-8FB1-23B02D5D9387}"
EndProject
Project("{FAE04EC0-301F-11D3-BF4B-00C04F79EFBC}") = "VIPAC.Repository", "Source\Persistence Layer\VIPAC.Repository\VIPAC.Repository.csproj", "{45D50CDE-D218-4000-9574-40A1FC4AFE7B}"
EndProject
Project("{FAE04EC0-301F-11D3-BF4B-00C04F79EFBC}") = "VIPAC.Repository.SqlServer", "Source\Persistence Layer\VIPAC.Repository.SqlServer\VIPAC.Repository.SqlServer.csproj", "{CCBAE90A-3E42-4CC9-B53B-E9754F9957A9}"
EndProject
Project("{FAE04EC0-301F-11D3-BF4B-00C04F79EFBC}") = "VIPAC.Business.Logic", "Source\Services Layer\VIPAC.Business.Logic\VIPAC.Business.Logic.csproj", "{C286C78E-7FCE-43C3-989E-FF2D4DB8236B}"
EndProject
Project("{FAE04EC0-301F-11D3-BF4B-00C04F79EFBC}") = "VIPAC.DataBase.Tests", "Source\Executers Layer\VIPAC.DataBase.Tests\VIPAC.DataBase.Tests.csproj", "{A1AF278D-E66C-4D74-866E-A2950762C659}"
EndProject
Project("{FAE04EC0-301F-11D3-BF4B-00C04F79EFBC}") = "VIPAC.Common", "Source\Comun Layer\VIPAC.Common\VIPAC.Common.csproj", "{B89B0E7E-72EC-49F1-9226-1CBE0B133A83}"
EndProject
Project("{FAE04EC0-301F-11D3-BF4B-00C04F79EFBC}") = "VIPAC.Email", "Source\Comun Layer\VIPAC.Email\VIPAC.Email.csproj", "{3EE524C4-C512-468B-930C-848740897C68}"
EndProject
Project("{FAE04EC0-301F-11D3-BF4B-00C04F79EFBC}") = "VIPAC.Aspects", "Source\Transversal Layer\VIPAC.Aspects\VIPAC.Aspects.csproj", "{FD952BF4-3C31-4AFA-9DA1-905DE4166905}"
EndProject
Project("{FAE04EC0-301F-11D3-BF4B-00C04F79EFBC}") = "VIPAC.IoC", "Source\Transversal Layer\VIPAC.IoC\VIPAC.IoC.csproj", "{536EB24F-A784-445A-8CE5-16B955781DEB}"
EndProject
Project("{FAE04EC0-301F-11D3-BF4B-00C04F79EFBC}") = "VIPAC.RepositoryTest", "Source\Persistence Layer\VIPAC.RepositoryTest\VIPAC.RepositoryTest.csproj", "{E64A8888-B94D-4560-A9D2-D5A297AB9DCF}"
EndProject
Project("{FAE04EC0-301F-11D3-BF4B-00C04F79EFBC}") = "VIPAC.Web", "Source\Presentation Layer\VIPAC.Web\VIPAC.Web.csproj", "{FA797F55-9AAA-4907-8E13-22881F246DBB}"
EndProject
Project("{FAE04EC0-301F-11D3-BF4B-00C04F79EFBC}") = "VIPAC.Web.Client", "Source\Presentation Layer\VIPAC.Web.Client\VIPAC.Web.Client.csproj", "{50392407-83C2-44AD-999C-FB3832114E32}"
EndProject
Project("{FAE04EC0-301F-11D3-BF4B-00C04F79EFBC}") = "VIPAC.Web.Security", "Source\Presentation Layer\VIPAC.Web.Security\VIPAC.Web.Security.csproj", "{76F53FB1-81CD-436F-B867-574D8D9E8EE2}"
EndProject
Project("{FAE04EC0-301F-11D3-BF4B-00C04F79EFBC}") = "VIPAC.Web.Tests", "Source\Presentation Layer\VIPAC.Web.Tests\VIPAC.Web.Tests.csproj", "{87D39A46-22D9-4BE3-B27F-0F391423B37A}"
EndProject
Project("{FAE04EC0-301F-11D3-BF4B-00C04F79EFBC}") = "VIPAC.Converter", "Source\Application Layer\VIPAC.Converter\VIPAC.Converter.csproj", "{C12C51B5-2647-442C-8A41-42B26857B8BD}"
EndProject
Project("{FAE04EC0-301F-11D3-BF4B-00C04F79EFBC}") = "VIPAC.DTO", "Source\Application Layer\VIPAC.DTO\VIPAC.DTO.csproj", "{90737270-E2DD-41A3-8A19-BAB07EBC127B}"
EndProject
Project("{00D1A9C2-B5F0-4AF3-8072-F6C62B433612}") = "VIPAC.DataBase", "Source\DataBase\VIPAC.DataBase\VIPAC.DataBase.sqlproj", "{7BF292E3-C3D8-40E2-8103-C53D73CE2649}"
EndProject
Project("{FAE04EC0-301F-11D3-BF4B-00C04F79EFBC}") = "VIPAC.Components", "Source\Comun Layer\VIPAC.Components\VIPAC.Components.csproj", "{38C9EDA6-39C2-426F-AE3B-ED87161E63E7}"
EndProject
Project("{FAE04EC0-301F-11D3-BF4B-00C04F79EFBC}") = "VIPAC.Components.Test", "Source\Comun Layer\VIPAC.Components.Test\VIPAC.Components.Test.csproj", "{BA0EB58F-895F-48BD-AFB9-17016D8673E5}"
EndProject
Project("{FAE04EC0-301F-11D3-BF4B-00C04F79EFBC}") = "VIPAC.Email.Test", "Source\Comun Layer\VIPAC.Email.Test\VIPAC.Email.Test.csproj", "{EFEE1045-BA93-4CA5-91E7-24DFC0E69E4B}"
EndProject
Project("{FAE04EC0-301F-11D3-BF4B-00C04F79EFBC}") = "VIPAC.Resources", "Source\Transversal Layer\VIPAC.Resources\VIPAC.Resources.csproj", "{9B7FF8A4-868F-4E26-B4F4-D5A2E9169D57}"
EndProject
Global
	GlobalSection(SolutionConfigurationPlatforms) = preSolution
		Debug|Any CPU = Debug|Any CPU
		Release|Any CPU = Release|Any CPU
	EndGlobalSection
	GlobalSection(ProjectConfigurationPlatforms) = postSolution
		{BD15A344-3F5A-4771-8D8E-BD1F23CDB274}.Debug|Any CPU.ActiveCfg = Debug|Any CPU
		{BD15A344-3F5A-4771-8D8E-BD1F23CDB274}.Debug|Any CPU.Build.0 = Debug|Any CPU
		{BD15A344-3F5A-4771-8D8E-BD1F23CDB274}.Release|Any CPU.ActiveCfg = Release|Any CPU
		{BD15A344-3F5A-4771-8D8E-BD1F23CDB274}.Release|Any CPU.Build.0 = Release|Any CPU
		{93900004-C35F-4A08-8FB1-23B02D5D9387}.Debug|Any CPU.ActiveCfg = Debug|Any CPU
		{93900004-C35F-4A08-8FB1-23B02D5D9387}.Debug|Any CPU.Build.0 = Debug|Any CPU
		{93900004-C35F-4A08-8FB1-23B02D5D9387}.Release|Any CPU.ActiveCfg = Release|Any CPU
		{93900004-C35F-4A08-8FB1-23B02D5D9387}.Release|Any CPU.Build.0 = Release|Any CPU
		{45D50CDE-D218-4000-9574-40A1FC4AFE7B}.Debug|Any CPU.ActiveCfg = Debug|Any CPU
		{45D50CDE-D218-4000-9574-40A1FC4AFE7B}.Debug|Any CPU.Build.0 = Debug|Any CPU
		{45D50CDE-D218-4000-9574-40A1FC4AFE7B}.Release|Any CPU.ActiveCfg = Release|Any CPU
		{45D50CDE-D218-4000-9574-40A1FC4AFE7B}.Release|Any CPU.Build.0 = Release|Any CPU
		{CCBAE90A-3E42-4CC9-B53B-E9754F9957A9}.Debug|Any CPU.ActiveCfg = Debug|Any CPU
		{CCBAE90A-3E42-4CC9-B53B-E9754F9957A9}.Debug|Any CPU.Build.0 = Debug|Any CPU
		{CCBAE90A-3E42-4CC9-B53B-E9754F9957A9}.Release|Any CPU.ActiveCfg = Release|Any CPU
		{CCBAE90A-3E42-4CC9-B53B-E9754F9957A9}.Release|Any CPU.Build.0 = Release|Any CPU
		{C286C78E-7FCE-43C3-989E-FF2D4DB8236B}.Debug|Any CPU.ActiveCfg = Debug|Any CPU
		{C286C78E-7FCE-43C3-989E-FF2D4DB8236B}.Debug|Any CPU.Build.0 = Debug|Any CPU
		{C286C78E-7FCE-43C3-989E-FF2D4DB8236B}.Release|Any CPU.ActiveCfg = Release|Any CPU
		{C286C78E-7FCE-43C3-989E-FF2D4DB8236B}.Release|Any CPU.Build.0 = Release|Any CPU
		{A1AF278D-E66C-4D74-866E-A2950762C659}.Debug|Any CPU.ActiveCfg = Debug|Any CPU
		{A1AF278D-E66C-4D74-866E-A2950762C659}.Debug|Any CPU.Build.0 = Debug|Any CPU
		{A1AF278D-E66C-4D74-866E-A2950762C659}.Release|Any CPU.ActiveCfg = Release|Any CPU
		{A1AF278D-E66C-4D74-866E-A2950762C659}.Release|Any CPU.Build.0 = Release|Any CPU
		{B89B0E7E-72EC-49F1-9226-1CBE0B133A83}.Debug|Any CPU.ActiveCfg = Debug|Any CPU
		{B89B0E7E-72EC-49F1-9226-1CBE0B133A83}.Debug|Any CPU.Build.0 = Debug|Any CPU
		{B89B0E7E-72EC-49F1-9226-1CBE0B133A83}.Release|Any CPU.ActiveCfg = Release|Any CPU
		{B89B0E7E-72EC-49F1-9226-1CBE0B133A83}.Release|Any CPU.Build.0 = Release|Any CPU
		{3EE524C4-C512-468B-930C-848740897C68}.Debug|Any CPU.ActiveCfg = Debug|Any CPU
		{3EE524C4-C512-468B-930C-848740897C68}.Debug|Any CPU.Build.0 = Debug|Any CPU
		{3EE524C4-C512-468B-930C-848740897C68}.Release|Any CPU.ActiveCfg = Release|Any CPU
		{3EE524C4-C512-468B-930C-848740897C68}.Release|Any CPU.Build.0 = Release|Any CPU
		{FD952BF4-3C31-4AFA-9DA1-905DE4166905}.Debug|Any CPU.ActiveCfg = Debug|Any CPU
		{FD952BF4-3C31-4AFA-9DA1-905DE4166905}.Debug|Any CPU.Build.0 = Debug|Any CPU
		{FD952BF4-3C31-4AFA-9DA1-905DE4166905}.Release|Any CPU.ActiveCfg = Release|Any CPU
		{FD952BF4-3C31-4AFA-9DA1-905DE4166905}.Release|Any CPU.Build.0 = Release|Any CPU
		{536EB24F-A784-445A-8CE5-16B955781DEB}.Debug|Any CPU.ActiveCfg = Debug|Any CPU
		{536EB24F-A784-445A-8CE5-16B955781DEB}.Debug|Any CPU.Build.0 = Debug|Any CPU
		{536EB24F-A784-445A-8CE5-16B955781DEB}.Release|Any CPU.ActiveCfg = Release|Any CPU
		{536EB24F-A784-445A-8CE5-16B955781DEB}.Release|Any CPU.Build.0 = Release|Any CPU
		{E64A8888-B94D-4560-A9D2-D5A297AB9DCF}.Debug|Any CPU.ActiveCfg = Debug|Any CPU
		{E64A8888-B94D-4560-A9D2-D5A297AB9DCF}.Debug|Any CPU.Build.0 = Debug|Any CPU
		{E64A8888-B94D-4560-A9D2-D5A297AB9DCF}.Release|Any CPU.ActiveCfg = Release|Any CPU
		{E64A8888-B94D-4560-A9D2-D5A297AB9DCF}.Release|Any CPU.Build.0 = Release|Any CPU
		{FA797F55-9AAA-4907-8E13-22881F246DBB}.Debug|Any CPU.ActiveCfg = Debug|Any CPU
		{FA797F55-9AAA-4907-8E13-22881F246DBB}.Debug|Any CPU.Build.0 = Debug|Any CPU
		{FA797F55-9AAA-4907-8E13-22881F246DBB}.Release|Any CPU.ActiveCfg = Release|Any CPU
		{FA797F55-9AAA-4907-8E13-22881F246DBB}.Release|Any CPU.Build.0 = Release|Any CPU
		{50392407-83C2-44AD-999C-FB3832114E32}.Debug|Any CPU.ActiveCfg = Debug|Any CPU
		{50392407-83C2-44AD-999C-FB3832114E32}.Debug|Any CPU.Build.0 = Debug|Any CPU
		{50392407-83C2-44AD-999C-FB3832114E32}.Release|Any CPU.ActiveCfg = Release|Any CPU
		{50392407-83C2-44AD-999C-FB3832114E32}.Release|Any CPU.Build.0 = Release|Any CPU
		{76F53FB1-81CD-436F-B867-574D8D9E8EE2}.Debug|Any CPU.ActiveCfg = Debug|Any CPU
		{76F53FB1-81CD-436F-B867-574D8D9E8EE2}.Debug|Any CPU.Build.0 = Debug|Any CPU
		{76F53FB1-81CD-436F-B867-574D8D9E8EE2}.Release|Any CPU.ActiveCfg = Release|Any CPU
		{76F53FB1-81CD-436F-B867-574D8D9E8EE2}.Release|Any CPU.Build.0 = Release|Any CPU
		{87D39A46-22D9-4BE3-B27F-0F391423B37A}.Debug|Any CPU.ActiveCfg = Debug|Any CPU
		{87D39A46-22D9-4BE3-B27F-0F391423B37A}.Debug|Any CPU.Build.0 = Debug|Any CPU
		{87D39A46-22D9-4BE3-B27F-0F391423B37A}.Release|Any CPU.ActiveCfg = Release|Any CPU
		{87D39A46-22D9-4BE3-B27F-0F391423B37A}.Release|Any CPU.Build.0 = Release|Any CPU
		{C12C51B5-2647-442C-8A41-42B26857B8BD}.Debug|Any CPU.ActiveCfg = Debug|Any CPU
		{C12C51B5-2647-442C-8A41-42B26857B8BD}.Debug|Any CPU.Build.0 = Debug|Any CPU
		{C12C51B5-2647-442C-8A41-42B26857B8BD}.Release|Any CPU.ActiveCfg = Release|Any CPU
		{C12C51B5-2647-442C-8A41-42B26857B8BD}.Release|Any CPU.Build.0 = Release|Any CPU
		{90737270-E2DD-41A3-8A19-BAB07EBC127B}.Debug|Any CPU.ActiveCfg = Debug|Any CPU
		{90737270-E2DD-41A3-8A19-BAB07EBC127B}.Debug|Any CPU.Build.0 = Debug|Any CPU
		{90737270-E2DD-41A3-8A19-BAB07EBC127B}.Release|Any CPU.ActiveCfg = Release|Any CPU
		{90737270-E2DD-41A3-8A19-BAB07EBC127B}.Release|Any CPU.Build.0 = Release|Any CPU
		{7BF292E3-C3D8-40E2-8103-C53D73CE2649}.Debug|Any CPU.ActiveCfg = Debug|Any CPU
		{7BF292E3-C3D8-40E2-8103-C53D73CE2649}.Debug|Any CPU.Build.0 = Debug|Any CPU
		{7BF292E3-C3D8-40E2-8103-C53D73CE2649}.Debug|Any CPU.Deploy.0 = Debug|Any CPU
		{7BF292E3-C3D8-40E2-8103-C53D73CE2649}.Release|Any CPU.ActiveCfg = Release|Any CPU
		{7BF292E3-C3D8-40E2-8103-C53D73CE2649}.Release|Any CPU.Build.0 = Release|Any CPU
		{7BF292E3-C3D8-40E2-8103-C53D73CE2649}.Release|Any CPU.Deploy.0 = Release|Any CPU
		{38C9EDA6-39C2-426F-AE3B-ED87161E63E7}.Debug|Any CPU.ActiveCfg = Debug|Any CPU
		{38C9EDA6-39C2-426F-AE3B-ED87161E63E7}.Debug|Any CPU.Build.0 = Debug|Any CPU
		{38C9EDA6-39C2-426F-AE3B-ED87161E63E7}.Release|Any CPU.ActiveCfg = Release|Any CPU
		{38C9EDA6-39C2-426F-AE3B-ED87161E63E7}.Release|Any CPU.Build.0 = Release|Any CPU
		{BA0EB58F-895F-48BD-AFB9-17016D8673E5}.Debug|Any CPU.ActiveCfg = Debug|Any CPU
		{BA0EB58F-895F-48BD-AFB9-17016D8673E5}.Debug|Any CPU.Build.0 = Debug|Any CPU
		{BA0EB58F-895F-48BD-AFB9-17016D8673E5}.Release|Any CPU.ActiveCfg = Release|Any CPU
		{BA0EB58F-895F-48BD-AFB9-17016D8673E5}.Release|Any CPU.Build.0 = Release|Any CPU
		{EFEE1045-BA93-4CA5-91E7-24DFC0E69E4B}.Debug|Any CPU.ActiveCfg = Debug|Any CPU
		{EFEE1045-BA93-4CA5-91E7-24DFC0E69E4B}.Debug|Any CPU.Build.0 = Debug|Any CPU
		{EFEE1045-BA93-4CA5-91E7-24DFC0E69E4B}.Release|Any CPU.ActiveCfg = Release|Any CPU
		{EFEE1045-BA93-4CA5-91E7-24DFC0E69E4B}.Release|Any CPU.Build.0 = Release|Any CPU
		{9B7FF8A4-868F-4E26-B4F4-D5A2E9169D57}.Debug|Any CPU.ActiveCfg = Debug|Any CPU
		{9B7FF8A4-868F-4E26-B4F4-D5A2E9169D57}.Debug|Any CPU.Build.0 = Debug|Any CPU
		{9B7FF8A4-868F-4E26-B4F4-D5A2E9169D57}.Release|Any CPU.ActiveCfg = Release|Any CPU
		{9B7FF8A4-868F-4E26-B4F4-D5A2E9169D57}.Release|Any CPU.Build.0 = Release|Any CPU
	EndGlobalSection
	GlobalSection(SolutionProperties) = preSolution
		HideSolutionNode = FALSE
	EndGlobalSection
	GlobalSection(NestedProjects) = preSolution
		{2F6A3979-81B5-494F-9133-801E9BD095EF} = {5962E305-705C-4960-9B0A-27DC4A882CE4}
		{B651F82F-38AC-496A-9702-D3825F4095D0} = {5962E305-705C-4960-9B0A-27DC4A882CE4}
		{9B5DAF64-D092-43A0-AF6E-4CE9B9E4BCCA} = {5962E305-705C-4960-9B0A-27DC4A882CE4}
		{31276377-FD21-4719-ACBE-88FD02A376FC} = {5962E305-705C-4960-9B0A-27DC4A882CE4}
		{A9A6FCF5-DAEA-4AC2-A5AF-166D10C6941B} = {5962E305-705C-4960-9B0A-27DC4A882CE4}
		{008376CE-96A3-4AF3-86BA-9E77CBDD2BAA} = {5962E305-705C-4960-9B0A-27DC4A882CE4}
		{0278CA1C-97E0-4F26-8FFE-C86D43DE6BDE} = {5962E305-705C-4960-9B0A-27DC4A882CE4}
		{3DFABEAB-1DC3-4A12-8596-60FE63011260} = {5962E305-705C-4960-9B0A-27DC4A882CE4}
		{BD15A344-3F5A-4771-8D8E-BD1F23CDB274} = {2F6A3979-81B5-494F-9133-801E9BD095EF}
		{93900004-C35F-4A08-8FB1-23B02D5D9387} = {9B5DAF64-D092-43A0-AF6E-4CE9B9E4BCCA}
		{45D50CDE-D218-4000-9574-40A1FC4AFE7B} = {9B5DAF64-D092-43A0-AF6E-4CE9B9E4BCCA}
		{CCBAE90A-3E42-4CC9-B53B-E9754F9957A9} = {9B5DAF64-D092-43A0-AF6E-4CE9B9E4BCCA}
		{C286C78E-7FCE-43C3-989E-FF2D4DB8236B} = {A9A6FCF5-DAEA-4AC2-A5AF-166D10C6941B}
		{A1AF278D-E66C-4D74-866E-A2950762C659} = {008376CE-96A3-4AF3-86BA-9E77CBDD2BAA}
		{B89B0E7E-72EC-49F1-9226-1CBE0B133A83} = {B651F82F-38AC-496A-9702-D3825F4095D0}
		{3EE524C4-C512-468B-930C-848740897C68} = {B651F82F-38AC-496A-9702-D3825F4095D0}
		{FD952BF4-3C31-4AFA-9DA1-905DE4166905} = {0278CA1C-97E0-4F26-8FFE-C86D43DE6BDE}
		{536EB24F-A784-445A-8CE5-16B955781DEB} = {0278CA1C-97E0-4F26-8FFE-C86D43DE6BDE}
		{E64A8888-B94D-4560-A9D2-D5A297AB9DCF} = {9B5DAF64-D092-43A0-AF6E-4CE9B9E4BCCA}
		{FA797F55-9AAA-4907-8E13-22881F246DBB} = {31276377-FD21-4719-ACBE-88FD02A376FC}
		{50392407-83C2-44AD-999C-FB3832114E32} = {31276377-FD21-4719-ACBE-88FD02A376FC}
		{76F53FB1-81CD-436F-B867-574D8D9E8EE2} = {31276377-FD21-4719-ACBE-88FD02A376FC}
		{87D39A46-22D9-4BE3-B27F-0F391423B37A} = {31276377-FD21-4719-ACBE-88FD02A376FC}
		{C12C51B5-2647-442C-8A41-42B26857B8BD} = {3DFABEAB-1DC3-4A12-8596-60FE63011260}
		{90737270-E2DD-41A3-8A19-BAB07EBC127B} = {3DFABEAB-1DC3-4A12-8596-60FE63011260}
		{7BF292E3-C3D8-40E2-8103-C53D73CE2649} = {AFADBA06-C8C5-4DA0-814A-10F111B8745A}
		{38C9EDA6-39C2-426F-AE3B-ED87161E63E7} = {B651F82F-38AC-496A-9702-D3825F4095D0}
		{BA0EB58F-895F-48BD-AFB9-17016D8673E5} = {B651F82F-38AC-496A-9702-D3825F4095D0}
		{EFEE1045-BA93-4CA5-91E7-24DFC0E69E4B} = {B651F82F-38AC-496A-9702-D3825F4095D0}
		{9B7FF8A4-868F-4E26-B4F4-D5A2E9169D57} = {0278CA1C-97E0-4F26-8FFE-C86D43DE6BDE}
	EndGlobalSection
EndGlobal
